# Generated by buf. DO NOT EDIT.
version: v2
deps:
  - name: github.com/bufbuild/protovalidate/proto/protovalidate
    commit: c9f2cb4e4aa2676f9eaea044d36001a2
    digest: b5:055bad25981f39065f22eac545327514c90e1934934347825c4a2529c4bf2d2bc92875fb1746f3e9a3f5e0c9a7de393a76aa0d290bc96086325849e7db52cb3b
  - name: github.com/googleapis/googleapis
    commit: b3c548df12e04551a12a7393f60e04bf
    digest: b5:25bafd4fa814d99fbdbda2ce6d8dcfb0f8c221f17059d6cc293f62420b16936009410a3dc7c829243cbc9462ca7c7d2341327681501e504b4c1235bf982aa6aa
