# Generated by buf3pd. DO NOT EDIT.
version: v2
deps:
    - repo: github.com/bufbuild/protovalidate
      path: proto/protovalidate
      ref: heads/main
      digest: 58b59af8ca3bc462683d24f92187783146187e5876a940d9bfbb777b5db558c2
      prefix: ""
      metadata:
        commit: c9f2cb4e4aa2676f9eaea044d36001a2676ef124
        type: git
    - repo: github.com/googleapis/googleapis
      path: .
      ref: heads/master
      digest: 1d3045e6f9ac4e9f84e4547ca769c08a9976eb44b440dbe4f2adde0704c3d251
      prefix: ""
      metadata:
        commit: b947e523934dbac5d97613d8aa08e04fc38c5fb6
        type: git
